
Microsoft Visual Studio Solution File, Format Version 12.00
# Visual Studio Version 17
VisualStudioVersion = 17.8.34408.163
MinimumVisualStudioVersion = 10.0.40219.1
Project("{FAE04EC0-301F-11D3-BF4B-00C04F79EFBC}") = "RenoSystem", "RenoSystem\RenoSystem.csproj", "{2FADECAB-D881-4049-BF2C-614A84D583E0}"
EndProject
Project("{9A19103F-16F7-4668-BE54-9A1E7A4F7556}") = "RenoUnitTestsEx1", "RenoUnitTestsEx1\RenoUnitTestsEx1.csproj", "{73D1993E-AFCC-45EA-8F4F-7572A0E1263E}"
EndProject
Global
	GlobalSection(SolutionConfigurationPlatforms) = preSolution
		Debug|Any CPU = Debug|Any CPU
		Release|Any CPU = Release|Any CPU
	EndGlobalSection
	GlobalSection(ProjectConfigurationPlatforms) = postSolution
		{2FADECAB-D881-4049-BF2C-614A84D583E0}.Debug|Any CPU.ActiveCfg = Debug|Any CPU
		{2FADECAB-D881-4049-BF2C-614A84D583E0}.Debug|Any CPU.Build.0 = Debug|Any CPU
		{2FADECAB-D881-4049-BF2C-614A84D583E0}.Release|Any CPU.ActiveCfg = Release|Any CPU
		{2FADECAB-D881-4049-BF2C-614A84D583E0}.Release|Any CPU.Build.0 = Release|Any CPU
		{73D1993E-AFCC-45EA-8F4F-7572A0E1263E}.Debug|Any CPU.ActiveCfg = Debug|Any CPU
		{73D1993E-AFCC-45EA-8F4F-7572A0E1263E}.Debug|Any CPU.Build.0 = Debug|Any CPU
		{73D1993E-AFCC-45EA-8F4F-7572A0E1263E}.Release|Any CPU.ActiveCfg = Release|Any CPU
		{73D1993E-AFCC-45EA-8F4F-7572A0E1263E}.Release|Any CPU.Build.0 = Release|Any CPU
	EndGlobalSection
	GlobalSection(SolutionProperties) = preSolution
		HideSolutionNode = FALSE
	EndGlobalSection
	GlobalSection(ExtensibilityGlobals) = postSolution
		SolutionGuid = {17653B46-7F5F-412F-BF5C-231137F69CF4}
	EndGlobalSection
EndGlobal
